<?xml version="1.0" encoding="utf-8"?>
<Project ToolsVersion="4.0" xmlns="http://schemas.microsoft.com/developer/msbuild/2003">
  <ItemGroup>
    <Filter Include="Source Files">
      <UniqueIdentifier>{4FC737F1-C7A5-4376-A066-2A32D752A2FF}</UniqueIdentifier>
      <Extensions>cpp;c;cc;cxx;def;odl;idl;hpj;bat;asm;asmx</Extensions>
    </Filter>
    <Filter Include="Header Files">
      <UniqueIdentifier>{93995380-89BD-4b04-88EB-625FBE52EBFB}</UniqueIdentifier>
      <Extensions>h;hh;hpp;hxx;hm;inl;inc;xsd</Extensions>
    </Filter>
    <Filter Include="Resource Files">
      <UniqueIdentifier>{67DA6AB6-F800-4c08-8B7A-83BB121AAD01}</UniqueIdentifier>
      <Extensions>rc;ico;cur;bmp;dlg;rc2;rct;bin;rgs;gif;jpg;jpeg;jpe;resx;tiff;tif;png;wav;mfcribbon-ms</Extensions>
    </Filter>
    <Filter Include="Source Files\Problems">
      <UniqueIdentifier>{09a08441-e0f3-4c7f-83ba-4c94d9ee1c85}</UniqueIdentifier>
    </Filter>
    <Filter Include="Header Files\Problems">
      <UniqueIdentifier>{12805b55-d417-4b66-8bf3-bd357d9664e9}</UniqueIdentifier>
    </Filter>
    <Filter Include="Source Files\Problems\1-10">
      <UniqueIdentifier>{b4a0cddc-9b3a-41c4-bfbd-38f21043ff18}</UniqueIdentifier>
    </Filter>
    <Filter Include="Header Files\Problems\1-10">
      <UniqueIdentifier>{15b522ac-f1b2-4a5f-86a5-beda0edd2132}</UniqueIdentifier>
    </Filter>
    <Filter Include="Source Files\Problems\11-20">
      <UniqueIdentifier>{fbe8b6cc-f598-49db-815b-be614459b3ed}</UniqueIdentifier>
    </Filter>
    <Filter Include="Header Files\Problems\11-20">
      <UniqueIdentifier>{d1c77a22-5eea-449f-b872-a1b731b15b3a}</UniqueIdentifier>
    </Filter>
    <Filter Include="Header Files\Problems\21-30">
      <UniqueIdentifier>{fc5feef3-d370-40c7-8365-c8df5a9ed62e}</UniqueIdentifier>
    </Filter>
    <Filter Include="Source Files\Problems\21-30">
      <UniqueIdentifier>{b224bcb2-d59f-4aef-af15-2d0539e335c9}</UniqueIdentifier>
    </Filter>
    <Filter Include="Header Files\Problems\31-40">
      <UniqueIdentifier>{ff17cc4a-305d-4059-bbe0-b0c778a6ff3d}</UniqueIdentifier>
    </Filter>
    <Filter Include="Header Files\Problems\41-50">
      <UniqueIdentifier>{44c868b8-57df-464b-bf19-c1d810b1382a}</UniqueIdentifier>
    </Filter>
    <Filter Include="Source Files\Problems\31-40">
      <UniqueIdentifier>{c314e547-7c94-4afb-9746-1cb11f8a0c97}</UniqueIdentifier>
    </Filter>
    <Filter Include="Source Files\Problems\41-50">
      <UniqueIdentifier>{3fb76a49-46ac-4fd8-ab04-c65f18d051bc}</UniqueIdentifier>
    </Filter>
    <Filter Include="Header Files\Problems\51-60">
      <UniqueIdentifier>{d151015e-58b9-4f88-bd27-deda1ab05111}</UniqueIdentifier>
    </Filter>
    <Filter Include="Source Files\Problems\51-60">
      <UniqueIdentifier>{b212a5b0-2187-47db-b041-1c64d039545c}</UniqueIdentifier>
    </Filter>
    <Filter Include="Source Files\Problems\61-70">
      <UniqueIdentifier>{5b59d41a-64e4-45a1-b29e-8fed2bebd733}</UniqueIdentifier>
    </Filter>
    <Filter Include="Source Files\Problems\71-80">
      <UniqueIdentifier>{a3a1068a-0ae4-4db8-9765-62b8ac501a5b}</UniqueIdentifier>
    </Filter>
    <Filter Include="Source Files\Problems\81-90">
      <UniqueIdentifier>{d0cb69d5-b8d7-4896-abe5-a77e51437807}</UniqueIdentifier>
    </Filter>
    <Filter Include="Source Files\Problems\91-100">
      <UniqueIdentifier>{47ce01a5-fbf3-4721-9477-e1b8e99957f0}</UniqueIdentifier>
    </Filter>
    <Filter Include="Header Files\Problems\61-70">
      <UniqueIdentifier>{15ec6645-0ae9-403e-9cc3-67b50857c8fd}</UniqueIdentifier>
    </Filter>
    <Filter Include="Header Files\Problems\71-80">
      <UniqueIdentifier>{ab306822-1c31-49cb-8a35-a3c918b83244}</UniqueIdentifier>
    </Filter>
    <Filter Include="Header Files\Problems\81-90">
      <UniqueIdentifier>{d303f40f-ac76-41a2-9f76-aacfdbde3234}</UniqueIdentifier>
    </Filter>
    <Filter Include="Header Files\Problems\91-100">
      <UniqueIdentifier>{25cd6077-835d-4412-8154-08b65725f3b1}</UniqueIdentifier>
    </Filter>
  </ItemGroup>
  <ItemGroup>
    <Text Include="ReadMe.txt" />
    <Text Include="Resources\13.txt">
      <Filter>Resource Files</Filter>
    </Text>
    <Text Include="Resources\18.txt">
      <Filter>Resource Files</Filter>
    </Text>
    <Text Include="Resources\22.txt">
      <Filter>Resource Files</Filter>
    </Text>
    <Text Include="Useful Functions.txt">
      <Filter>Resource Files</Filter>
    </Text>
    <Text Include="Resources\42.txt">
      <Filter>Resource Files</Filter>
    </Text>
    <Text Include="Resources\54.txt">
      <Filter>Resource Files</Filter>
    </Text>
    <Text Include="Resources\59.txt">
      <Filter>Resource Files</Filter>
    </Text>
    <Text Include="Resources\67.txt">
      <Filter>Resource Files</Filter>
    </Text>
    <Text Include="Resources\79.txt">
      <Filter>Resource Files</Filter>
    </Text>
    <Text Include="Resources\81.txt">
      <Filter>Resource Files</Filter>
    </Text>
    <Text Include="Resources\89.txt">
      <Filter>Resource Files</Filter>
    </Text>
    <Text Include="Resources\96.txt">
      <Filter>Resource Files</Filter>
    </Text>
    <Text Include="Resources\98.txt">
      <Filter>Resource Files</Filter>
    </Text>
    <Text Include="Resources\99.txt">
      <Filter>Resource Files</Filter>
    </Text>
  </ItemGroup>
  <ItemGroup>
    <ClInclude Include="stdafx.h">
      <Filter>Header Files</Filter>
    </ClInclude>
    <ClInclude Include="targetver.h">
      <Filter>Header Files</Filter>
    </ClInclude>
    <ClInclude Include="Headers\1-25\1.h">
      <Filter>Header Files\Problems\1-10</Filter>
    </ClInclude>
    <ClInclude Include="Headers\1-25\2.h">
      <Filter>Header Files\Problems\1-10</Filter>
    </ClInclude>
    <ClInclude Include="Headers\1-25\3.h">
      <Filter>Header Files\Problems\1-10</Filter>
    </ClInclude>
    <ClInclude Include="Headers\1-25\4.h">
      <Filter>Header Files\Problems\1-10</Filter>
    </ClInclude>
    <ClInclude Include="Headers\1-25\5.h">
      <Filter>Header Files\Problems\1-10</Filter>
    </ClInclude>
    <ClInclude Include="Headers\1-25\6.h">
      <Filter>Header Files\Problems\1-10</Filter>
    </ClInclude>
    <ClInclude Include="Headers\1-25\7.h">
      <Filter>Header Files\Problems\1-10</Filter>
    </ClInclude>
    <ClInclude Include="Headers\1-25\8.h">
      <Filter>Header Files\Problems\1-10</Filter>
    </ClInclude>
    <ClInclude Include="Headers\1-25\9.h">
      <Filter>Header Files\Problems\1-10</Filter>
    </ClInclude>
    <ClInclude Include="Headers\1-25\10.h">
      <Filter>Header Files\Problems\1-10</Filter>
    </ClInclude>
    <ClInclude Include="Headers\1-25\11.h">
      <Filter>Header Files\Problems\11-20</Filter>
    </ClInclude>
    <ClInclude Include="Headers\1-25\12.h">
      <Filter>Header Files\Problems\11-20</Filter>
    </ClInclude>
    <ClInclude Include="Headers\1-25\13.h">
      <Filter>Header Files\Problems\11-20</Filter>
    </ClInclude>
    <ClInclude Include="Headers\1-25\14.h">
      <Filter>Header Files\Problems\11-20</Filter>
    </ClInclude>
    <ClInclude Include="Headers\1-25\15.h">
      <Filter>Header Files\Problems\11-20</Filter>
    </ClInclude>
    <ClInclude Include="Headers\1-25\16.h">
      <Filter>Header Files\Problems\11-20</Filter>
    </ClInclude>
    <ClInclude Include="Headers\1-25\17.h">
      <Filter>Header Files\Problems\11-20</Filter>
    </ClInclude>
    <ClInclude Include="Headers\1-25\18.h">
      <Filter>Header Files\Problems\11-20</Filter>
    </ClInclude>
    <ClInclude Include="Headers\1-25\19.h">
      <Filter>Header Files\Problems\11-20</Filter>
    </ClInclude>
    <ClInclude Include="Headers\1-25\20.h">
      <Filter>Header Files\Problems\11-20</Filter>
    </ClInclude>
    <ClInclude Include="bigNumOLD.h">
      <Filter>Header Files</Filter>
    </ClInclude>
    <ClInclude Include="Headers\1-25\21.h">
      <Filter>Header Files\Problems\21-30</Filter>
    </ClInclude>
    <ClInclude Include="Headers\1-25\22.h">
      <Filter>Header Files\Problems\21-30</Filter>
    </ClInclude>
    <ClInclude Include="Headers\1-25\23.h">
      <Filter>Header Files\Problems\21-30</Filter>
    </ClInclude>
    <ClInclude Include="Headers\1-25\24.h">
      <Filter>Header Files\Problems\21-30</Filter>
    </ClInclude>
    <ClInclude Include="Headers\1-25\25.h">
      <Filter>Header Files\Problems\21-30</Filter>
    </ClInclude>
    <ClInclude Include="Headers\26-50\26.h">
      <Filter>Header Files\Problems\21-30</Filter>
    </ClInclude>
    <ClInclude Include="Headers\26-50\27.h">
      <Filter>Header Files\Problems\21-30</Filter>
    </ClInclude>
    <ClInclude Include="Headers\26-50\28.h">
      <Filter>Header Files\Problems\21-30</Filter>
    </ClInclude>
    <ClInclude Include="Headers\26-50\29.h">
      <Filter>Header Files\Problems\21-30</Filter>
    </ClInclude>
    <ClInclude Include="Headers\26-50\30.h">
      <Filter>Header Files\Problems\21-30</Filter>
    </ClInclude>
    <ClInclude Include="Headers\26-50\31.h">
      <Filter>Header Files\Problems\31-40</Filter>
    </ClInclude>
    <ClInclude Include="Headers\26-50\32.h">
      <Filter>Header Files\Problems\31-40</Filter>
    </ClInclude>
    <ClInclude Include="Headers\26-50\33.h">
      <Filter>Header Files\Problems\31-40</Filter>
    </ClInclude>
    <ClInclude Include="Headers\26-50\34.h">
      <Filter>Header Files\Problems\31-40</Filter>
    </ClInclude>
    <ClInclude Include="Headers\26-50\35.h">
      <Filter>Header Files\Problems\31-40</Filter>
    </ClInclude>
    <ClInclude Include="Headers\26-50\36.h">
      <Filter>Header Files\Problems\31-40</Filter>
    </ClInclude>
    <ClInclude Include="Headers\26-50\37.h">
      <Filter>Header Files\Problems\31-40</Filter>
    </ClInclude>
    <ClInclude Include="Headers\26-50\38.h">
      <Filter>Header Files\Problems\31-40</Filter>
    </ClInclude>
    <ClInclude Include="Headers\26-50\39.h">
      <Filter>Header Files\Problems\31-40</Filter>
    </ClInclude>
    <ClInclude Include="Headers\26-50\40.h">
      <Filter>Header Files\Problems\31-40</Filter>
    </ClInclude>
    <ClInclude Include="Headers\26-50\41.h">
      <Filter>Header Files\Problems\41-50</Filter>
    </ClInclude>
    <ClInclude Include="Headers\26-50\42.h">
      <Filter>Header Files\Problems\41-50</Filter>
    </ClInclude>
    <ClInclude Include="Headers\26-50\43.h">
      <Filter>Header Files\Problems\41-50</Filter>
    </ClInclude>
    <ClInclude Include="Headers\26-50\44.h">
      <Filter>Header Files\Problems\41-50</Filter>
    </ClInclude>
    <ClInclude Include="Headers\26-50\45.h">
      <Filter>Header Files\Problems\41-50</Filter>
    </ClInclude>
    <ClInclude Include="Headers\26-50\46.h">
      <Filter>Header Files\Problems\41-50</Filter>
    </ClInclude>
    <ClInclude Include="Headers\26-50\47.h">
      <Filter>Header Files\Problems\41-50</Filter>
    </ClInclude>
    <ClInclude Include="Headers\26-50\48.h">
      <Filter>Header Files\Problems\41-50</Filter>
    </ClInclude>
    <ClInclude Include="Headers\26-50\49.h">
      <Filter>Header Files\Problems\41-50</Filter>
    </ClInclude>
    <ClInclude Include="Headers\26-50\50.h">
      <Filter>Header Files\Problems\41-50</Filter>
    </ClInclude>
    <ClInclude Include="Headers\51-75\51.h">
      <Filter>Header Files\Problems\51-60</Filter>
    </ClInclude>
    <ClInclude Include="Headers\51-75\52.h">
      <Filter>Header Files\Problems\51-60</Filter>
    </ClInclude>
    <ClInclude Include="Headers\51-75\53.h">
      <Filter>Header Files\Problems\51-60</Filter>
    </ClInclude>
    <ClInclude Include="Headers\51-75\54.h">
      <Filter>Header Files\Problems\51-60</Filter>
    </ClInclude>
    <ClInclude Include="Headers\51-75\55.h">
      <Filter>Header Files\Problems\51-60</Filter>
    </ClInclude>
    <ClInclude Include="Headers\51-75\56.h">
      <Filter>Header Files\Problems\51-60</Filter>
    </ClInclude>
    <ClInclude Include="Headers\51-75\57.h">
      <Filter>Header Files\Problems\51-60</Filter>
    </ClInclude>
    <ClInclude Include="Headers\51-75\58.h">
      <Filter>Header Files\Problems\51-60</Filter>
    </ClInclude>
    <ClInclude Include="Headers\51-75\59.h">
      <Filter>Header Files\Problems\51-60</Filter>
    </ClInclude>
    <ClInclude Include="Headers\51-75\60.h">
      <Filter>Header Files\Problems\51-60</Filter>
    </ClInclude>
    <ClInclude Include="Headers\51-75\61.h">
      <Filter>Header Files\Problems\61-70</Filter>
    </ClInclude>
    <ClInclude Include="Headers\51-75\62.h">
      <Filter>Header Files\Problems\61-70</Filter>
    </ClInclude>
    <ClInclude Include="Headers\51-75\63.h">
      <Filter>Header Files\Problems\61-70</Filter>
    </ClInclude>
    <ClInclude Include="Headers\51-75\65.h">
      <Filter>Header Files\Problems\61-70</Filter>
    </ClInclude>
    <ClInclude Include="Headers\51-75\64.h">
      <Filter>Header Files\Problems\61-70</Filter>
    </ClInclude>
    <ClInclude Include="Headers\51-75\66.h">
      <Filter>Header Files\Problems\61-70</Filter>
    </ClInclude>
    <ClInclude Include="Headers\51-75\67.h">
      <Filter>Header Files\Problems\61-70</Filter>
    </ClInclude>
    <ClInclude Include="Headers\51-75\68.h">
      <Filter>Header Files\Problems\61-70</Filter>
    </ClInclude>
    <ClInclude Include="Headers\51-75\69.h">
      <Filter>Header Files\Problems\61-70</Filter>
    </ClInclude>
    <ClInclude Include="Headers\51-75\70.h">
      <Filter>Header Files\Problems\61-70</Filter>
    </ClInclude>
    <ClInclude Include="Headers\51-75\71.h">
      <Filter>Header Files\Problems\71-80</Filter>
    </ClInclude>
    <ClInclude Include="Headers\51-75\72.h">
      <Filter>Header Files\Problems\71-80</Filter>
    </ClInclude>
    <ClInclude Include="Headers\51-75\73.h">
      <Filter>Header Files\Problems\71-80</Filter>
    </ClInclude>
    <ClInclude Include="Headers\51-75\74.h">
      <Filter>Header Files\Problems\71-80</Filter>
    </ClInclude>
    <ClInclude Include="Headers\51-75\75.h">
      <Filter>Header Files\Problems\71-80</Filter>
    </ClInclude>
    <ClInclude Include="Headers\76-100\76.h">
      <Filter>Header Files\Problems\71-80</Filter>
    </ClInclude>
    <ClInclude Include="Headers\76-100\77.h">
      <Filter>Header Files\Problems\71-80</Filter>
    </ClInclude>
    <ClInclude Include="Headers\76-100\78.h">
      <Filter>Header Files\Problems\71-80</Filter>
    </ClInclude>
    <ClInclude Include="Headers\76-100\79.h">
      <Filter>Header Files\Problems\71-80</Filter>
    </ClInclude>
    <ClInclude Include="Headers\76-100\80.h">
      <Filter>Header Files\Problems\71-80</Filter>
    </ClInclude>
    <ClInclude Include="newBigNum.h">
      <Filter>Header Files</Filter>
    </ClInclude>
    <ClInclude Include="bigNum.h">
      <Filter>Header Files</Filter>
    </ClInclude>
    <ClInclude Include="Headers\76-100\81.h">
      <Filter>Header Files\Problems\81-90</Filter>
    </ClInclude>
    <ClInclude Include="Headers\76-100\82.h">
      <Filter>Header Files\Problems\81-90</Filter>
    </ClInclude>
    <ClInclude Include="Headers\76-100\83.h">
      <Filter>Header Files\Problems\81-90</Filter>
    </ClInclude>
    <ClInclude Include="Headers\76-100\84.h">
      <Filter>Header Files\Problems\81-90</Filter>
    </ClInclude>
    <ClInclude Include="Headers\76-100\85.h">
      <Filter>Header Files\Problems\81-90</Filter>
    </ClInclude>
    <ClInclude Include="Headers\76-100\86.h">
      <Filter>Header Files\Problems\81-90</Filter>
    </ClInclude>
    <ClInclude Include="Headers\76-100\87.h">
      <Filter>Header Files\Problems\81-90</Filter>
    </ClInclude>
    <ClInclude Include="Headers\76-100\88.h">
      <Filter>Header Files\Problems\81-90</Filter>
    </ClInclude>
    <ClInclude Include="Headers\76-100\89.h">
      <Filter>Header Files\Problems\81-90</Filter>
    </ClInclude>
    <ClInclude Include="Headers\76-100\90.h">
      <Filter>Header Files\Problems\81-90</Filter>
    </ClInclude>
    <ClInclude Include="Headers\76-100\91.h">
      <Filter>Header Files\Problems\91-100</Filter>
    </ClInclude>
    <ClInclude Include="Headers\76-100\92.h">
      <Filter>Header Files\Problems\91-100</Filter>
    </ClInclude>
    <ClInclude Include="Headers\76-100\94.h">
      <Filter>Header Files\Problems\91-100</Filter>
    </ClInclude>
    <ClInclude Include="Headers\76-100\93.h">
      <Filter>Header Files\Problems\91-100</Filter>
    </ClInclude>
    <ClInclude Include="Headers\76-100\95.h">
      <Filter>Header Files\Problems\91-100</Filter>
    </ClInclude>
    <ClInclude Include="Headers\76-100\96.h">
      <Filter>Header Files\Problems\91-100</Filter>
    </ClInclude>
    <ClInclude Include="Headers\76-100\97.h">
      <Filter>Header Files\Problems\91-100</Filter>
    </ClInclude>
    <ClInclude Include="Headers\76-100\98.h">
      <Filter>Header Files\Problems\91-100</Filter>
    </ClInclude>
    <ClInclude Include="Headers\76-100\99.h">
      <Filter>Header Files\Problems\91-100</Filter>
    </ClInclude>
    <ClInclude Include="Headers\76-100\100.h">
      <Filter>Header Files\Problems\91-100</Filter>
    </ClInclude>
  </ItemGroup>
  <ItemGroup>
    <ClCompile Include="stdafx.cpp">
      <Filter>Source Files</Filter>
    </ClCompile>
    <ClCompile Include="Problems.cpp">
      <Filter>Source Files</Filter>
    </ClCompile>
    <ClCompile Include="Sources\1-25\1.cpp">
      <Filter>Source Files\Problems\1-10</Filter>
    </ClCompile>
    <ClCompile Include="Sources\1-25\2.cpp">
      <Filter>Source Files\Problems\1-10</Filter>
    </ClCompile>
    <ClCompile Include="Sources\1-25\3.cpp">
      <Filter>Source Files\Problems\1-10</Filter>
    </ClCompile>
    <ClCompile Include="Sources\1-25\4.cpp">
      <Filter>Source Files\Problems\1-10</Filter>
    </ClCompile>
    <ClCompile Include="Sources\1-25\5.cpp">
      <Filter>Source Files\Problems\1-10</Filter>
    </ClCompile>
    <ClCompile Include="Sources\1-25\6.cpp">
      <Filter>Source Files\Problems\1-10</Filter>
    </ClCompile>
    <ClCompile Include="Sources\1-25\7.cpp">
      <Filter>Source Files\Problems\1-10</Filter>
    </ClCompile>
    <ClCompile Include="Sources\1-25\8.cpp">
      <Filter>Source Files\Problems\1-10</Filter>
    </ClCompile>
    <ClCompile Include="Sources\1-25\9.cpp">
      <Filter>Source Files\Problems\1-10</Filter>
    </ClCompile>
    <ClCompile Include="Sources\1-25\10.cpp">
      <Filter>Source Files\Problems\1-10</Filter>
    </ClCompile>
    <ClCompile Include="Sources\1-25\11.cpp">
      <Filter>Source Files\Problems\11-20</Filter>
    </ClCompile>
    <ClCompile Include="Sources\1-25\12.cpp">
      <Filter>Source Files\Problems\11-20</Filter>
    </ClCompile>
    <ClCompile Include="Sources\1-25\13.cpp">
      <Filter>Source Files\Problems\11-20</Filter>
    </ClCompile>
    <ClCompile Include="Sources\1-25\14.cpp">
      <Filter>Source Files\Problems\11-20</Filter>
    </ClCompile>
    <ClCompile Include="Sources\1-25\15.cpp">
      <Filter>Source Files\Problems\11-20</Filter>
    </ClCompile>
    <ClCompile Include="Sources\1-25\16.cpp">
      <Filter>Source Files\Problems\11-20</Filter>
    </ClCompile>
    <ClCompile Include="Sources\1-25\17.cpp">
      <Filter>Source Files\Problems\11-20</Filter>
    </ClCompile>
    <ClCompile Include="Sources\1-25\18.cpp">
      <Filter>Source Files\Problems\11-20</Filter>
    </ClCompile>
    <ClCompile Include="Sources\1-25\19.cpp">
      <Filter>Source Files\Problems\11-20</Filter>
    </ClCompile>
    <ClCompile Include="Sources\1-25\20.cpp">
      <Filter>Source Files\Problems\11-20</Filter>
    </ClCompile>
    <ClCompile Include="bigNumOLD.cpp">
      <Filter>Source Files</Filter>
    </ClCompile>
    <ClCompile Include="Sources\1-25\21.cpp">
      <Filter>Source Files\Problems\21-30</Filter>
    </ClCompile>
    <ClCompile Include="Sources\1-25\22.cpp">
      <Filter>Source Files\Problems\21-30</Filter>
    </ClCompile>
    <ClCompile Include="Sources\1-25\23.cpp">
      <Filter>Source Files\Problems\21-30</Filter>
    </ClCompile>
    <ClCompile Include="Sources\1-25\24.cpp">
      <Filter>Source Files\Problems\21-30</Filter>
    </ClCompile>
    <ClCompile Include="Sources\1-25\25.cpp">
      <Filter>Source Files\Problems\21-30</Filter>
    </ClCompile>
    <ClCompile Include="Sources\26-50\26.cpp">
      <Filter>Source Files\Problems\21-30</Filter>
    </ClCompile>
    <ClCompile Include="Sources\26-50\27.cpp">
      <Filter>Source Files\Problems\21-30</Filter>
    </ClCompile>
    <ClCompile Include="Sources\26-50\28.cpp">
      <Filter>Source Files\Problems\21-30</Filter>
    </ClCompile>
    <ClCompile Include="Sources\26-50\29.cpp">
      <Filter>Source Files\Problems\21-30</Filter>
    </ClCompile>
    <ClCompile Include="Sources\26-50\30.cpp">
      <Filter>Source Files\Problems\21-30</Filter>
    </ClCompile>
    <ClCompile Include="Sources\26-50\31.cpp">
      <Filter>Source Files\Problems\31-40</Filter>
    </ClCompile>
    <ClCompile Include="Sources\26-50\32.cpp">
      <Filter>Source Files\Problems\31-40</Filter>
    </ClCompile>
    <ClCompile Include="Sources\26-50\33.cpp">
      <Filter>Source Files\Problems\31-40</Filter>
    </ClCompile>
    <ClCompile Include="Sources\26-50\34.cpp">
      <Filter>Source Files\Problems\31-40</Filter>
    </ClCompile>
    <ClCompile Include="Sources\26-50\35.cpp">
      <Filter>Source Files\Problems\31-40</Filter>
    </ClCompile>
    <ClCompile Include="Sources\26-50\36.cpp">
      <Filter>Source Files\Problems\31-40</Filter>
    </ClCompile>
    <ClCompile Include="Sources\26-50\37.cpp">
      <Filter>Source Files\Problems\31-40</Filter>
    </ClCompile>
    <ClCompile Include="Sources\26-50\38.cpp">
      <Filter>Source Files\Problems\31-40</Filter>
    </ClCompile>
    <ClCompile Include="Sources\26-50\39.cpp">
      <Filter>Source Files\Problems\31-40</Filter>
    </ClCompile>
    <ClCompile Include="Sources\26-50\40.cpp">
      <Filter>Source Files\Problems\31-40</Filter>
    </ClCompile>
    <ClCompile Include="Sources\26-50\41.cpp">
      <Filter>Source Files\Problems\41-50</Filter>
    </ClCompile>
    <ClCompile Include="Sources\26-50\42.cpp">
      <Filter>Source Files\Problems\41-50</Filter>
    </ClCompile>
    <ClCompile Include="Sources\26-50\43.cpp">
      <Filter>Source Files\Problems\41-50</Filter>
    </ClCompile>
    <ClCompile Include="Sources\26-50\44.cpp">
      <Filter>Source Files\Problems\41-50</Filter>
    </ClCompile>
    <ClCompile Include="Sources\26-50\45.cpp">
      <Filter>Source Files\Problems\41-50</Filter>
    </ClCompile>
    <ClCompile Include="Sources\26-50\46.cpp">
      <Filter>Source Files\Problems\41-50</Filter>
    </ClCompile>
    <ClCompile Include="Sources\26-50\47.cpp">
      <Filter>Source Files\Problems\41-50</Filter>
    </ClCompile>
    <ClCompile Include="Sources\26-50\48.cpp">
      <Filter>Source Files\Problems\41-50</Filter>
    </ClCompile>
    <ClCompile Include="Sources\26-50\49.cpp">
      <Filter>Source Files\Problems\41-50</Filter>
    </ClCompile>
    <ClCompile Include="Sources\26-50\50.cpp">
      <Filter>Source Files\Problems\41-50</Filter>
    </ClCompile>
    <ClCompile Include="Sources\51-75\51.cpp">
      <Filter>Source Files\Problems\51-60</Filter>
    </ClCompile>
    <ClCompile Include="Sources\51-75\53.cpp">
      <Filter>Source Files\Problems\51-60</Filter>
    </ClCompile>
    <ClCompile Include="Sources\51-75\54.cpp">
      <Filter>Source Files\Problems\51-60</Filter>
    </ClCompile>
    <ClCompile Include="Sources\51-75\55.cpp">
      <Filter>Source Files\Problems\51-60</Filter>
    </ClCompile>
    <ClCompile Include="Sources\51-75\56.cpp">
      <Filter>Source Files\Problems\51-60</Filter>
    </ClCompile>
    <ClCompile Include="Sources\51-75\57.cpp">
      <Filter>Source Files\Problems\51-60</Filter>
    </ClCompile>
    <ClCompile Include="Sources\51-75\58.cpp">
      <Filter>Source Files\Problems\51-60</Filter>
    </ClCompile>
    <ClCompile Include="Sources\51-75\59.cpp">
      <Filter>Source Files\Problems\51-60</Filter>
    </ClCompile>
    <ClCompile Include="Sources\51-75\60.cpp">
      <Filter>Source Files\Problems\51-60</Filter>
    </ClCompile>
    <ClCompile Include="Sources\51-75\52.cpp">
      <Filter>Source Files\Problems\51-60</Filter>
    </ClCompile>
    <ClCompile Include="Sources\51-75\61.cpp">
      <Filter>Source Files\Problems\61-70</Filter>
    </ClCompile>
    <ClCompile Include="Sources\51-75\62.cpp">
      <Filter>Source Files\Problems\61-70</Filter>
    </ClCompile>
    <ClCompile Include="Sources\51-75\63.cpp">
      <Filter>Source Files\Problems\61-70</Filter>
    </ClCompile>
    <ClCompile Include="Sources\51-75\70.cpp">
      <Filter>Source Files\Problems\61-70</Filter>
    </ClCompile>
    <ClCompile Include="Sources\51-75\64.cpp">
      <Filter>Source Files\Problems\61-70</Filter>
    </ClCompile>
    <ClCompile Include="Sources\51-75\65.cpp">
      <Filter>Source Files\Problems\61-70</Filter>
    </ClCompile>
    <ClCompile Include="Sources\51-75\66.cpp">
      <Filter>Source Files\Problems\61-70</Filter>
    </ClCompile>
    <ClCompile Include="Sources\51-75\67.cpp">
      <Filter>Source Files\Problems\61-70</Filter>
    </ClCompile>
    <ClCompile Include="Sources\51-75\68.cpp">
      <Filter>Source Files\Problems\61-70</Filter>
    </ClCompile>
    <ClCompile Include="Sources\51-75\69.cpp">
      <Filter>Source Files\Problems\61-70</Filter>
    </ClCompile>
    <ClCompile Include="Sources\51-75\71.cpp">
      <Filter>Source Files\Problems\71-80</Filter>
    </ClCompile>
    <ClCompile Include="Sources\51-75\72.cpp">
      <Filter>Source Files\Problems\71-80</Filter>
    </ClCompile>
    <ClCompile Include="Sources\51-75\73.cpp">
      <Filter>Source Files\Problems\71-80</Filter>
    </ClCompile>
    <ClCompile Include="Sources\51-75\74.cpp">
      <Filter>Source Files\Problems\71-80</Filter>
    </ClCompile>
    <ClCompile Include="Sources\51-75\75.cpp">
      <Filter>Source Files\Problems\71-80</Filter>
    </ClCompile>
    <ClCompile Include="Sources\76-100\76.cpp">
      <Filter>Source Files\Problems\71-80</Filter>
    </ClCompile>
    <ClCompile Include="Sources\76-100\77.cpp">
      <Filter>Source Files\Problems\71-80</Filter>
    </ClCompile>
    <ClCompile Include="Sources\76-100\78.cpp">
      <Filter>Source Files\Problems\71-80</Filter>
    </ClCompile>
    <ClCompile Include="Sources\76-100\79.cpp">
      <Filter>Source Files\Problems\71-80</Filter>
    </ClCompile>
    <ClCompile Include="Sources\76-100\80.cpp">
      <Filter>Source Files\Problems\71-80</Filter>
    </ClCompile>
    <ClCompile Include="newBigNum.cpp">
      <Filter>Source Files</Filter>
    </ClCompile>
    <ClCompile Include="bigNum.cpp">
      <Filter>Source Files</Filter>
    </ClCompile>
    <ClCompile Include="Sources\76-100\81.cpp">
      <Filter>Source Files\Problems\81-90</Filter>
    </ClCompile>
    <ClCompile Include="Sources\76-100\82.cpp">
      <Filter>Source Files\Problems\81-90</Filter>
    </ClCompile>
    <ClCompile Include="Sources\76-100\83.cpp">
      <Filter>Source Files\Problems\81-90</Filter>
    </ClCompile>
    <ClCompile Include="Sources\76-100\84.cpp">
      <Filter>Source Files\Problems\81-90</Filter>
    </ClCompile>
    <ClCompile Include="Sources\76-100\85.cpp">
      <Filter>Source Files\Problems\81-90</Filter>
    </ClCompile>
    <ClCompile Include="Sources\76-100\86.cpp">
      <Filter>Source Files\Problems\81-90</Filter>
    </ClCompile>
    <ClCompile Include="Sources\76-100\87.cpp">
      <Filter>Source Files\Problems\81-90</Filter>
    </ClCompile>
    <ClCompile Include="Sources\76-100\88.cpp">
      <Filter>Source Files\Problems\81-90</Filter>
    </ClCompile>
    <ClCompile Include="Sources\76-100\89.cpp">
      <Filter>Source Files\Problems\81-90</Filter>
    </ClCompile>
    <ClCompile Include="Sources\76-100\90.cpp">
      <Filter>Source Files\Problems\81-90</Filter>
    </ClCompile>
    <ClCompile Include="Sources\76-100\91.cpp">
      <Filter>Source Files\Problems\91-100</Filter>
    </ClCompile>
    <ClCompile Include="Sources\76-100\92.cpp">
      <Filter>Source Files\Problems\91-100</Filter>
    </ClCompile>
    <ClCompile Include="Sources\76-100\93.cpp">
      <Filter>Source Files\Problems\91-100</Filter>
    </ClCompile>
    <ClCompile Include="Sources\76-100\94.cpp">
      <Filter>Source Files\Problems\91-100</Filter>
    </ClCompile>
    <ClCompile Include="Sources\76-100\95.cpp">
      <Filter>Source Files\Problems\91-100</Filter>
    </ClCompile>
    <ClCompile Include="Sources\76-100\96.cpp">
      <Filter>Source Files\Problems\91-100</Filter>
    </ClCompile>
    <ClCompile Include="Sources\76-100\97.cpp">
      <Filter>Source Files\Problems\91-100</Filter>
    </ClCompile>
    <ClCompile Include="Sources\76-100\98.cpp">
      <Filter>Source Files\Problems\91-100</Filter>
    </ClCompile>
    <ClCompile Include="Sources\76-100\99.cpp">
      <Filter>Source Files\Problems\91-100</Filter>
    </ClCompile>
    <ClCompile Include="Sources\76-100\100.cpp">
      <Filter>Source Files\Problems\91-100</Filter>
    </ClCompile>
  </ItemGroup>
</Project>